
Microsoft Visual Studio Solution File, Format Version 12.00
Project("{FAE04EC0-301F-11D3-BF4B-00C04F79EFBC}") = "BlogMaster", "BlogMaster\BlogMaster.csproj", "{B9382D7F-6A2E-4857-AFBB-925774114E7D}"
EndProject
Project("{FAE04EC0-301F-11D3-BF4B-00C04F79EFBC}") = "BlogMaster.Core", "BlogMaster.Core\BlogMaster.Core.csproj", "{E97FABBA-ABA3-4F0E-837D-0D2CFD0D5921}"
EndProject
Project("{FAE04EC0-301F-11D3-BF4B-00C04F79EFBC}") = "BlogMaster.Infrastructure", "BlogMaster.Infrastructure\BlogMaster.Infrastructure.csproj", "{81E07D76-397C-4416-BD40-78A4AEF318ED}"
EndProject
Project("{2150E333-8FDC-42A3-9474-1A3956D46DE8}") = "Solution Items", "Solution Items", "{9E6DB930-70A9-49D7-B9BA-600F9A6E9493}"
	ProjectSection(SolutionItems) = preProject
		docker-compose.yml = docker-compose.yml
	EndProjectSection
EndProject
Global
	GlobalSection(SolutionConfigurationPlatforms) = preSolution
		Debug|Any CPU = Debug|Any CPU
		Release|Any CPU = Release|Any CPU
	EndGlobalSection
	GlobalSection(ProjectConfigurationPlatforms) = postSolution
		{B9382D7F-6A2E-4857-AFBB-925774114E7D}.Debug|Any CPU.ActiveCfg = Debug|Any CPU
		{B9382D7F-6A2E-4857-AFBB-925774114E7D}.Debug|Any CPU.Build.0 = Debug|Any CPU
		{B9382D7F-6A2E-4857-AFBB-925774114E7D}.Release|Any CPU.ActiveCfg = Release|Any CPU
		{B9382D7F-6A2E-4857-AFBB-925774114E7D}.Release|Any CPU.Build.0 = Release|Any CPU
		{E97FABBA-ABA3-4F0E-837D-0D2CFD0D5921}.Debug|Any CPU.ActiveCfg = Debug|Any CPU
		{E97FABBA-ABA3-4F0E-837D-0D2CFD0D5921}.Debug|Any CPU.Build.0 = Debug|Any CPU
		{E97FABBA-ABA3-4F0E-837D-0D2CFD0D5921}.Release|Any CPU.ActiveCfg = Release|Any CPU
		{E97FABBA-ABA3-4F0E-837D-0D2CFD0D5921}.Release|Any CPU.Build.0 = Release|Any CPU
		{81E07D76-397C-4416-BD40-78A4AEF318ED}.Debug|Any CPU.ActiveCfg = Debug|Any CPU
		{81E07D76-397C-4416-BD40-78A4AEF318ED}.Debug|Any CPU.Build.0 = Debug|Any CPU
		{81E07D76-397C-4416-BD40-78A4AEF318ED}.Release|Any CPU.ActiveCfg = Release|Any CPU
		{81E07D76-397C-4416-BD40-78A4AEF318ED}.Release|Any CPU.Build.0 = Release|Any CPU
	EndGlobalSection
EndGlobal
